{
  "lockfileVersion": 1,
  "workspaces": {
    "": {
      "name": "package-manager-stats",
      "dependencies": {
        "@wojtekmaj/async-array-utils": "^1.8.0",
        "p-retry": "^6.2.0",
        "semver": "^7.5.0",
        "yaml": "^2.6.0",
      },
      "devDependencies": {
        "@biomejs/biome": "1.8.0",
        "@types/bun": "^1.0.0",
        "@types/node": "22",
        "@types/semver": "^7",
        "husky": "^9.0.0",
        "typescript": "^5.5.2",
      },
    },
  },
  "packages": {
    "@biomejs/biome": ["@biomejs/biome@1.8.0", "", { "optionalDependencies": { "@biomejs/cli-darwin-arm64": "1.8.0", "@biomejs/cli-darwin-x64": "1.8.0", "@biomejs/cli-linux-arm64": "1.8.0", "@biomejs/cli-linux-arm64-musl": "1.8.0", "@biomejs/cli-linux-x64": "1.8.0", "@biomejs/cli-linux-x64-musl": "1.8.0", "@biomejs/cli-win32-arm64": "1.8.0", "@biomejs/cli-win32-x64": "1.8.0" }, "bin": { "biome": "bin/biome" } }, "sha512-34xcE2z8GWrIz1sCFEmlHT/+4d+SN7YOqqvzlAKXKvaWPRJ2/NUwxPbRsP01P9QODkQ5bvGvc9rpBihmP+7RJQ=="],

    "@biomejs/cli-darwin-arm64": ["@biomejs/cli-darwin-arm64@1.8.0", "", { "os": "darwin", "cpu": "arm64" }, "sha512-dBAYzfIJ1JmWigKlWourT3sJ3I60LZPjqNwwlsyFjiv5AV7vPeWlHVVIImV2BpINwNjZQhpXnwDfVnGS4vr7AA=="],

    "@biomejs/cli-darwin-x64": ["@biomejs/cli-darwin-x64@1.8.0", "", { "os": "darwin", "cpu": "x64" }, "sha512-ZTTSD0bP0nn9UpRDGQrQNTILcYSj+IkxTYr3CAV64DWBDtQBomlk2oVKWzDaA1LOhpAsTh0giLCbPJaVk2jfMQ=="],

    "@biomejs/cli-linux-arm64": ["@biomejs/cli-linux-arm64@1.8.0", "", { "os": "linux", "cpu": "arm64" }, "sha512-cx725jTlJS6dskvJJwwCQaaMRBKE2Qss7ukzmx27Rn/DXRxz6tnnBix4FUGPf1uZfwrERkiJlbWM05JWzpvvXg=="],

    "@biomejs/cli-linux-arm64-musl": ["@biomejs/cli-linux-arm64-musl@1.8.0", "", { "os": "linux", "cpu": "arm64" }, "sha512-+ee/pZWsvhDv6eRI00krRNSgAg8DKSxzOv3LUsCjto6N1VzqatTASeQv2HRfG1nitf79rRKM75LkMJbqEfiKww=="],

    "@biomejs/cli-linux-x64": ["@biomejs/cli-linux-x64@1.8.0", "", { "os": "linux", "cpu": "x64" }, "sha512-cmgmhlD4QUxMhL1VdaNqnB81xBHb3R7huVNyYnPYzP+AykZ7XqJbPd1KcWAszNjUk2AHdx0aLKEBwCOWemxb2g=="],

    "@biomejs/cli-linux-x64-musl": ["@biomejs/cli-linux-x64-musl@1.8.0", "", { "os": "linux", "cpu": "x64" }, "sha512-VPA4ocrAOak50VYl8gOAVnjuFFDpIUolShntc/aWM0pZfSIMbRucxnrfUfp44EVwayxjK6ruJTR5xEWj93WvDA=="],

    "@biomejs/cli-win32-arm64": ["@biomejs/cli-win32-arm64@1.8.0", "", { "os": "win32", "cpu": "arm64" }, "sha512-J31spvlh39FfRHQacYXxJX9PvTCH/a8+2Jx9D1lxw+LSF0JybqZcw/4JrlFUWUl4kF3yv8AuYUK0sENScc3g9w=="],

    "@biomejs/cli-win32-x64": ["@biomejs/cli-win32-x64@1.8.0", "", { "os": "win32", "cpu": "x64" }, "sha512-uPHHvu76JC1zYe9zZDcOU9PAg+1MZmPuNgWkb5jljaDeATvzLFPB+0nuJTilf603LXL+E8IdPQAO61Wy2VuEJA=="],

    "@types/bun": ["@types/bun@1.0.2", "", { "dependencies": { "bun-types": "1.0.22" } }, "sha512-rjJUT/QIpz+sEuJuxGNPfAi2GGyQuoswcj0f3E0qEfyPviAde5h/QUXGoDuWq2pjXeIUK8Xy+4sMs2pNOEIrKg=="],

    "@types/node": ["@types/node@22.7.9", "", { "dependencies": { "undici-types": "~6.19.2" } }, "sha512-jrTfRC7FM6nChvU7X2KqcrgquofrWLFDeYC1hKfwNWomVvrn7JIksqf344WN2X/y8xrgqBd2dJATZV4GbatBfg=="],

    "@types/retry": ["@types/retry@0.12.2", "", {}, "sha512-XISRgDJ2Tc5q4TRqvgJtzsRkFYNJzZrhTdtMoGVBttwzzQJkPnS3WWTFc7kuDRoPtPakl+T+OfdEUjYJj7Jbow=="],

    "@types/semver": ["@types/semver@7.5.8", "", {}, "sha512-I8EUhyrgfLrcTkzV3TSsGyl1tSuPrEDzr0yd5m90UgNxQkyDXULk3b6MlQqTCpZpNtWe1K0hzclnZkTcLBe2UQ=="],

    "@types/ws": ["@types/ws@8.5.10", "", { "dependencies": { "@types/node": "*" } }, "sha512-vmQSUcfalpIq0R9q7uTo2lXs6eGIpt9wtnLdMv9LVpIjCA/+ufZRozlVoVelIYixx1ugCBKDhn89vnsEGOCx9A=="],

    "@wojtekmaj/async-array-utils": ["@wojtekmaj/async-array-utils@1.8.1", "", {}, "sha512-SpX9q/fkna6RJL7WoxatbWe72YUVB7uAoL0bxNMnSJuY+8xHDSe6aEnosand+1cpnEmZnHrtdyjOmptvrbkjig=="],

    "bun-types": ["bun-types@1.0.22", "", { "dependencies": { "@types/node": "*", "@types/ws": "*", "undici-types": "^5.26.4" } }, "sha512-JxmXAx6cXb37+rMsn30WRXlz9lbPFR9rQE78hNSoy5wJ8m/nUktkmHpo7xZb/YKDds23ifxWLjDtyni9MeXLgw=="],

    "husky": ["husky@9.0.11", "", { "bin": { "husky": "bin.mjs" } }, "sha512-AB6lFlbwwyIqMdHYhwPe+kjOC3Oc5P3nThEoW/AaO2BX3vJDjWPFxYLxokUZOo6RNX20He3AaT8sESs9NJcmEw=="],

    "is-network-error": ["is-network-error@1.1.0", "", {}, "sha512-tUdRRAnhT+OtCZR/LxZelH/C7QtjtFrTu5tXCA8pl55eTUElUHT+GPYV8MBMBvea/j+NxQqVt3LbWMRir7Gx9g=="],

    "lru-cache": ["lru-cache@6.0.0", "", { "dependencies": { "yallist": "^4.0.0" } }, "sha512-Jo6dJ04CmSjuznwJSS3pUeWmd/H0ffTlkXXgwZi+eq1UCmqQwCh+eLsYOYCwY991i2Fah4h1BEMCx4qThGbsiA=="],

    "p-retry": ["p-retry@6.2.0", "", { "dependencies": { "@types/retry": "0.12.2", "is-network-error": "^1.0.0", "retry": "^0.13.1" } }, "sha512-JA6nkq6hKyWLLasXQXUrO4z8BUZGUt/LjlJxx8Gb2+2ntodU/SS63YZ8b0LUTbQ8ZB9iwOfhEPhg4ykKnn2KsA=="],

    "retry": ["retry@0.13.1", "", {}, "sha512-XQBQ3I8W1Cge0Seh+6gjj03LbmRFWuoszgK9ooCpwYIrhhoO80pfq4cUkU5DkknwfOfFteRwlZ56PYOGYyFWdg=="],

    "semver": ["semver@7.5.4", "", { "dependencies": { "lru-cache": "^6.0.0" }, "bin": { "semver": "bin/semver.js" } }, "sha512-1bCSESV6Pv+i21Hvpxp3Dx+pSD8lIPt8uVjRrxAUt/nbswYc+tK6Y2btiULjd4+fnq15PX+nqQDC7Oft7WkwcA=="],

    "typescript": ["typescript@5.5.3", "", { "bin": { "tsc": "bin/tsc", "tsserver": "bin/tsserver" } }, "sha512-/hreyEujaB0w76zKo6717l3L0o/qEUtRgdvUBvlkhoWeOVMjMuHNHk0BRBzikzuGDqNmPQbg5ifMEqsHLiIUcQ=="],

    "undici-types": ["undici-types@6.19.8", "", {}, "sha512-ve2KP6f/JnbPBFyobGHuerC9g1FYGn/F8n1LWTwNxCEzd6IfqTwUQcNXgEtmmQ6DlRrC1hrSrBnCZPokRrDHjw=="],

    "yallist": ["yallist@4.0.0", "", {}, "sha512-3wdGidZyq5PB084XLES5TpOSRA3wjXAlIWMhum2kRcv/41Sn2emQ0dycQW4uZXLejwKvg6EsvbdlVL+FYEct7A=="],

    "yaml": ["yaml@2.6.0", "", { "bin": { "yaml": "bin.mjs" } }, "sha512-a6ae//JvKDEra2kdi1qzCyrJW/WZCgFi8ydDV+eXExl95t+5R+ijnqHJbz9tmMh8FUjx3iv2fCQ4dclAQlO2UQ=="],

    "@types/ws/@types/node": ["@types/node@20.8.7", "", { "dependencies": { "undici-types": "~5.25.1" } }, "sha512-21TKHHh3eUHIi2MloeptJWALuCu5H7HQTdTrWIFReA8ad+aggoX+lRes3ex7/FtpC+sVUpFMQ+QTfYr74mruiQ=="],

    "bun-types/@types/node": ["@types/node@20.8.7", "", { "dependencies": { "undici-types": "~5.25.1" } }, "sha512-21TKHHh3eUHIi2MloeptJWALuCu5H7HQTdTrWIFReA8ad+aggoX+lRes3ex7/FtpC+sVUpFMQ+QTfYr74mruiQ=="],

    "bun-types/undici-types": ["undici-types@5.28.2", "", {}, "sha512-W71OLwDqzIO0d3k07qg1xc7d4cX8SsSwuCO4bQ4V7ITwduXXie/lcImofabP5VV+NvuvSe8ovKvHVJcizVc1JA=="],

    "@types/ws/@types/node/undici-types": ["undici-types@5.25.3", "", {}, "sha512-Ga1jfYwRn7+cP9v8auvEXN1rX3sWqlayd4HP7OKk4mZWylEmu3KzXDUGrQUN6Ol7qo1gPvB2e5gX6udnyEPgdA=="],

    "bun-types/@types/node/undici-types": ["undici-types@5.25.3", "", {}, "sha512-Ga1jfYwRn7+cP9v8auvEXN1rX3sWqlayd4HP7OKk4mZWylEmu3KzXDUGrQUN6Ol7qo1gPvB2e5gX6udnyEPgdA=="],
  }
}
