# This file is generated by running "yarn install" inside your project.
# Manual changes might be lost - proceed with caution!

__metadata:
  version: 8
  cacheKey: 10c0

"@biomejs/biome@npm:2.0.0":
  version: 2.0.0
  resolution: "@biomejs/biome@npm:2.0.0"
  dependencies:
    "@biomejs/cli-darwin-arm64": "npm:2.0.0"
    "@biomejs/cli-darwin-x64": "npm:2.0.0"
    "@biomejs/cli-linux-arm64": "npm:2.0.0"
    "@biomejs/cli-linux-arm64-musl": "npm:2.0.0"
    "@biomejs/cli-linux-x64": "npm:2.0.0"
    "@biomejs/cli-linux-x64-musl": "npm:2.0.0"
    "@biomejs/cli-win32-arm64": "npm:2.0.0"
    "@biomejs/cli-win32-x64": "npm:2.0.0"
  dependenciesMeta:
    "@biomejs/cli-darwin-arm64":
      optional: true
    "@biomejs/cli-darwin-x64":
      optional: true
    "@biomejs/cli-linux-arm64":
      optional: true
    "@biomejs/cli-linux-arm64-musl":
      optional: true
    "@biomejs/cli-linux-x64":
      optional: true
    "@biomejs/cli-linux-x64-musl":
      optional: true
    "@biomejs/cli-win32-arm64":
      optional: true
    "@biomejs/cli-win32-x64":
      optional: true
  bin:
    biome: bin/biome
  checksum: 10c0/a255d2e84e303c6b1bd841877463f358415a35fb39dc4051dec80d9dd44e4f2f546e7e13804f7cd9f0932ca11664600f819e0b0dd75c55c2c0571ed771d86cb5
  languageName: node
  linkType: hard

"@biomejs/cli-darwin-arm64@npm:2.0.0":
  version: 2.0.0
  resolution: "@biomejs/cli-darwin-arm64@npm:2.0.0"
  conditions: os=darwin & cpu=arm64
  languageName: node
  linkType: hard

"@biomejs/cli-darwin-x64@npm:2.0.0":
  version: 2.0.0
  resolution: "@biomejs/cli-darwin-x64@npm:2.0.0"
  conditions: os=darwin & cpu=x64
  languageName: node
  linkType: hard

"@biomejs/cli-linux-arm64-musl@npm:2.0.0":
  version: 2.0.0
  resolution: "@biomejs/cli-linux-arm64-musl@npm:2.0.0"
  conditions: os=linux & cpu=arm64 & libc=musl
  languageName: node
  linkType: hard

"@biomejs/cli-linux-arm64@npm:2.0.0":
  version: 2.0.0
  resolution: "@biomejs/cli-linux-arm64@npm:2.0.0"
  conditions: os=linux & cpu=arm64 & libc=glibc
  languageName: node
  linkType: hard

"@biomejs/cli-linux-x64-musl@npm:2.0.0":
  version: 2.0.0
  resolution: "@biomejs/cli-linux-x64-musl@npm:2.0.0"
  conditions: os=linux & cpu=x64 & libc=musl
  languageName: node
  linkType: hard

"@biomejs/cli-linux-x64@npm:2.0.0":
  version: 2.0.0
  resolution: "@biomejs/cli-linux-x64@npm:2.0.0"
  conditions: os=linux & cpu=x64 & libc=glibc
  languageName: node
  linkType: hard

"@biomejs/cli-win32-arm64@npm:2.0.0":
  version: 2.0.0
  resolution: "@biomejs/cli-win32-arm64@npm:2.0.0"
  conditions: os=win32 & cpu=arm64
  languageName: node
  linkType: hard

"@biomejs/cli-win32-x64@npm:2.0.0":
  version: 2.0.0
  resolution: "@biomejs/cli-win32-x64@npm:2.0.0"
  conditions: os=win32 & cpu=x64
  languageName: node
  linkType: hard

"@types/node@npm:^22.10.10":
  version: 24.0.4
  resolution: "@types/node@npm:24.0.4"
  dependencies:
    undici-types: "npm:~7.8.0"
  checksum: 10c0/590e8cb0ec59fb9cd566402120e690d87ecbdf57f1ee2b8493266121ed33aa4b25949a0c6156b84a6ffb9250baaf1f80e9af142da542ed603e6ee73fc4d1115f
  languageName: node
  linkType: hard

"@wojtekmaj/async-array-utils@npm:^2.0.0":
  version: 2.0.0
  resolution: "@wojtekmaj/async-array-utils@npm:2.0.0"
  checksum: 10c0/be0302ce69cdb98893edf7cec8e5e198aef1fa709758111d86d9ec133ba338d474998811bb90861e9ba6ffb9858f24ab8bd7b4d4be050d0793ed593e613c5af0
  languageName: node
  linkType: hard

"husky@npm:^9.0.0":
  version: 9.1.7
  resolution: "husky@npm:9.1.7"
  bin:
    husky: bin.js
  checksum: 10c0/35bb110a71086c48906aa7cd3ed4913fb913823715359d65e32e0b964cb1e255593b0ae8014a5005c66a68e6fa66c38dcfa8056dbbdfb8b0187c0ffe7ee3a58f
  languageName: node
  linkType: hard

"is-network-error@npm:^1.1.0":
  version: 1.1.0
  resolution: "is-network-error@npm:1.1.0"
  checksum: 10c0/89eef83c2a4cf43d853145ce175d1cf43183b7a58d48c7a03e7eed4eb395d0934c1f6d101255cdd8c8c2980ab529bfbe5dd9edb24e1c3c28d2b3c814469b5b7d
  languageName: node
  linkType: hard

"p-retry@npm:^7.0.0":
  version: 7.0.0
  resolution: "p-retry@npm:7.0.0"
  dependencies:
    is-network-error: "npm:^1.1.0"
  checksum: 10c0/3c090ac72bbe00fd2f062ee6178c44f7302f298936ab2290a458575e73650e7834b556beb2b09fa9fbebedab2ec3358cb474c09710cf828972b670c3c0cb89e4
  languageName: node
  linkType: hard

"package-manager-stats@workspace:.":
  version: 0.0.0-use.local
  resolution: "package-manager-stats@workspace:."
  dependencies:
    "@biomejs/biome": "npm:2.0.0"
    "@types/node": "npm:^22.10.10"
    "@wojtekmaj/async-array-utils": "npm:^2.0.0"
    husky: "npm:^9.0.0"
    p-retry: "npm:^7.0.0"
    typescript: "npm:^5.9.2"
    yaml: "npm:^2.8.0"
  languageName: unknown
  linkType: soft

"typescript@npm:^5.9.2":
  version: 5.9.2
  resolution: "typescript@npm:5.9.2"
  bin:
    tsc: bin/tsc
    tsserver: bin/tsserver
  checksum: 10c0/cd635d50f02d6cf98ed42de2f76289701c1ec587a363369255f01ed15aaf22be0813226bff3c53e99d971f9b540e0b3cc7583dbe05faded49b1b0bed2f638a18
  languageName: node
  linkType: hard

"typescript@patch:typescript@npm%3A^5.9.2#optional!builtin<compat/typescript>":
  version: 5.9.2
  resolution: "typescript@patch:typescript@npm%3A5.9.2#optional!builtin<compat/typescript>::version=5.9.2&hash=5786d5"
  bin:
    tsc: bin/tsc
    tsserver: bin/tsserver
  checksum: 10c0/34d2a8e23eb8e0d1875072064d5e1d9c102e0bdce56a10a25c0b917b8aa9001a9cf5c225df12497e99da107dc379360bc138163c66b55b95f5b105b50578067e
  languageName: node
  linkType: hard

"undici-types@npm:~7.8.0":
  version: 7.8.0
  resolution: "undici-types@npm:7.8.0"
  checksum: 10c0/9d9d246d1dc32f318d46116efe3cfca5a72d4f16828febc1918d94e58f6ffcf39c158aa28bf5b4fc52f410446bc7858f35151367bd7a49f21746cab6497b709b
  languageName: node
  linkType: hard

"yaml@npm:^2.8.0":
  version: 2.8.1
  resolution: "yaml@npm:2.8.1"
  bin:
    yaml: bin.mjs
  checksum: 10c0/7c587be00d9303d2ae1566e03bc5bc7fe978ba0d9bf39cc418c3139d37929dfcb93a230d9749f2cb578b6aa5d9ebebc322415e4b653cb83acd8bc0bc321707f3
  languageName: node
  linkType: hard
